
Microsoft Visual Studio Solution File, Format Version 12.00
# Visual Studio Version 16
VisualStudioVersion = 16.0.29613.14
MinimumVisualStudioVersion = 10.0.40219.1
Project("{FAE04EC0-301F-11D3-BF4B-00C04F79EFBC}") = "MongoDB_RestService", "MongoDB_RestService\MongoDB_RestService.csproj", "{46E83137-20D2-4CCB-8460-187EF9643689}"
EndProject
Global
	GlobalSection(SolutionConfigurationPlatforms) = preSolution
		Debug|Any CPU = Debug|Any CPU
		Release|Any CPU = Release|Any CPU
	EndGlobalSection
	GlobalSection(ProjectConfigurationPlatforms) = postSolution
		{46E83137-20D2-4CCB-8460-187EF9643689}.Debug|Any CPU.ActiveCfg = Debug|Any CPU
		{46E83137-20D2-4CCB-8460-187EF9643689}.Debug|Any CPU.Build.0 = Debug|Any CPU
		{46E83137-20D2-4CCB-8460-187EF9643689}.Release|Any CPU.ActiveCfg = Release|Any CPU
		{46E83137-20D2-4CCB-8460-187EF9643689}.Release|Any CPU.Build.0 = Release|Any CPU
	EndGlobalSection
	GlobalSection(SolutionProperties) = preSolution
		HideSolutionNode = FALSE
	EndGlobalSection
	GlobalSection(ExtensibilityGlobals) = postSolution
		SolutionGuid = {5EDCB5A1-9F2B-41EF-B5B2-D6695425454C}
	EndGlobalSection
EndGlobal
